// !$*UTF8*$!
{
	archiveVersion = 1;
	classes = {
	};
	objectVersion = 77;
	objects = {

/* Begin PBXContainerItemProxy section */
		D6E465F02E03C130005597F7 /* PBXContainerItemProxy */ = {
			isa = PBXContainerItemProxy;
			containerPortal = D6E465D12E03C12B005597F7 /* Project object */;
			proxyType = 1;
			remoteGlobalIDString = D6E465D82E03C12B005597F7;
			remoteInfo = RickandMorty;
		};
		D6E465FA2E03C130005597F7 /* PBXContainerItemProxy */ = {
			isa = PBXContainerItemProxy;
			containerPortal = D6E465D12E03C12B005597F7 /* Project object */;
			proxyType = 1;
			remoteGlobalIDString = D6E465D82E03C12B005597F7;
			remoteInfo = RickandMorty;
		};
/* End PBXContainerItemProxy section */

/* Begin PBXFileReference section */
		D6E465D92E03C12B005597F7 /* RickandMorty.app */ = {isa = PBXFileReference; explicitFileType = wrapper.application; includeInIndex = 0; path = RickandMorty.app; sourceTree = BUILT_PRODUCTS_DIR; };
		D6E465EF2E03C130005597F7 /* RickandMortyTests.xctest */ = {isa = PBXFileReference; explicitFileType = wrapper.cfbundle; includeInIndex = 0; path = RickandMortyTests.xctest; sourceTree = BUILT_PRODUCTS_DIR; };
		D6E465F92E03C130005597F7 /* RickandMortyUITests.xctest */ = {isa = PBXFileReference; explicitFileType = wrapper.cfbundle; includeInIndex = 0; path = RickandMortyUITests.xctest; sourceTree = BUILT_PRODUCTS_DIR; };
/* End PBXFileReference section */

/* Begin PBXFileSystemSynchronizedBuildFileExceptionSet section */
		D6E466012E03C130005597F7 /* Exceptions for "RickandMorty" folder in "RickandMorty" target */ = {
			isa = PBXFileSystemSynchronizedBuildFileExceptionSet;
			membershipExceptions = (
				Info.plist,
			);
			target = D6E465D82E03C12B005597F7 /* RickandMorty */;
		};
/* End PBXFileSystemSynchronizedBuildFileExceptionSet section */

/* Begin PBXFileSystemSynchronizedRootGroup section */
		D6E465DB2E03C12B005597F7 /* RickandMorty */ = {
			isa = PBXFileSystemSynchronizedRootGroup;
			exceptions = (
				D6E466012E03C130005597F7 /* Exceptions for "RickandMorty" folder in "RickandMorty" target */,
			);
			path = RickandMorty;
			sourceTree = "<group>";
		};
		D6E465F22E03C130005597F7 /* RickandMortyTests */ = {
			isa = PBXFileSystemSynchronizedRootGroup;
			path = RickandMortyTests;
			sourceTree = "<group>";
		};
		D6E465FC2E03C130005597F7 /* RickandMortyUITests */ = {
			isa = PBXFileSystemSynchronizedRootGroup;
			path = RickandMortyUITests;
			sourceTree = "<group>";
		};
/* End PBXFileSystemSynchronizedRootGroup section */

/* Begin PBXFrameworksBuildPhase section */
		D6E465D62E03C12B005597F7 /* Frameworks */ = {
			isa = PBXFrameworksBuildPhase;
			buildActionMask = 2147483647;
			files = (
			);
			runOnlyForDeploymentPostprocessing = 0;
		};
		D6E465EC2E03C130005597F7 /* Frameworks */ = {
			isa = PBXFrameworksBuildPhase;
			buildActionMask = 2147483647;
			files = (
			);
			runOnlyForDeploymentPostprocessing = 0;
		};
		D6E465F62E03C130005597F7 /* Frameworks */ = {
			isa = PBXFrameworksBuildPhase;
			buildActionMask = 2147483647;
			files = (
			);
			runOnlyForDeploymentPostprocessing = 0;
		};
/* End PBXFrameworksBuildPhase section */

/* Begin PBXGroup section */
		D6E465D02E03C12B005597F7 = {
			isa = PBXGroup;
			children = (
				D6E465DB2E03C12B005597F7 /* RickandMorty */,
				D6E465F22E03C130005597F7 /* RickandMortyTests */,
				D6E465FC2E03C130005597F7 /* RickandMortyUITests */,
				D6E465DA2E03C12B005597F7 /* Products */,
			);
			sourceTree = "<group>";
		};
		D6E465DA2E03C12B005597F7 /* Products */ = {
			isa = PBXGroup;
			children = (
				D6E465D92E03C12B005597F7 /* RickandMorty.app */,
				D6E465EF2E03C130005597F7 /* RickandMortyTests.xctest */,
				D6E465F92E03C130005597F7 /* RickandMortyUITests.xctest */,
			);
			name = Products;
			sourceTree = "<group>";
		};
/* End PBXGroup section */

/* Begin PBXNativeTarget section */
		D6E465D82E03C12B005597F7 /* RickandMorty */ = {
			isa = PBXNativeTarget;
			buildConfigurationList = D6E466022E03C130005597F7 /* Build configuration list for PBXNativeTarget "RickandMorty" */;
			buildPhases = (
				D6E465D52E03C12B005597F7 /* Sources */,
				D6E465D62E03C12B005597F7 /* Frameworks */,
				D6E465D72E03C12B005597F7 /* Resources */,
			);
			buildRules = (
			);
			dependencies = (
			);
			fileSystemSynchronizedGroups = (
				D6E465DB2E03C12B005597F7 /* RickandMorty */,
			);
			name = RickandMorty;
			packageProductDependencies = (
			);
			productName = RickandMorty;
			productReference = D6E465D92E03C12B005597F7 /* RickandMorty.app */;
			productType = "com.apple.product-type.application";
		};
		D6E465EE2E03C130005597F7 /* RickandMortyTests */ = {
			isa = PBXNativeTarget;
			buildConfigurationList = D6E466072E03C130005597F7 /* Build configuration list for PBXNativeTarget "RickandMortyTests" */;
			buildPhases = (
				D6E465EB2E03C130005597F7 /* Sources */,
				D6E465EC2E03C130005597F7 /* Frameworks */,
				D6E465ED2E03C130005597F7 /* Resources */,
			);
			buildRules = (
			);
			dependencies = (
				D6E465F12E03C130005597F7 /* PBXTargetDependency */,
			);
			fileSystemSynchronizedGroups = (
				D6E465F22E03C130005597F7 /* RickandMortyTests */,
			);
			name = RickandMortyTests;
			packageProductDependencies = (
			);
			productName = RickandMortyTests;
			productReference = D6E465EF2E03C130005597F7 /* RickandMortyTests.xctest */;
			productType = "com.apple.product-type.bundle.unit-test";
		};
		D6E465F82E03C130005597F7 /* RickandMortyUITests */ = {
			isa = PBXNativeTarget;
			buildConfigurationList = D6E4660A2E03C130005597F7 /* Build configuration list for PBXNativeTarget "RickandMortyUITests" */;
			buildPhases = (
				D6E465F52E03C130005597F7 /* Sources */,
				D6E465F62E03C130005597F7 /* Frameworks */,
				D6E465F72E03C130005597F7 /* Resources */,
			);
			buildRules = (
			);
			dependencies = (
				D6E465FB2E03C130005597F7 /* PBXTargetDependency */,
			);
			fileSystemSynchronizedGroups = (
				D6E465FC2E03C130005597F7 /* RickandMortyUITests */,
			);
			name = RickandMortyUITests;
			packageProductDependencies = (
			);
			productName = RickandMortyUITests;
			productReference = D6E465F92E03C130005597F7 /* RickandMortyUITests.xctest */;
			productType = "com.apple.product-type.bundle.ui-testing";
		};
/* End PBXNativeTarget section */

/* Begin PBXProject section */
		D6E465D12E03C12B005597F7 /* Project object */ = {
			isa = PBXProject;
			attributes = {
				BuildIndependentTargetsInParallel = 1;
				LastSwiftUpdateCheck = 1640;
				LastUpgradeCheck = 1640;
				TargetAttributes = {
					D6E465D82E03C12B005597F7 = {
						CreatedOnToolsVersion = 16.4;
					};
					D6E465EE2E03C130005597F7 = {
						CreatedOnToolsVersion = 16.4;
						TestTargetID = D6E465D82E03C12B005597F7;
					};
					D6E465F82E03C130005597F7 = {
						CreatedOnToolsVersion = 16.4;
						TestTargetID = D6E465D82E03C12B005597F7;
					};
				};
			};
			buildConfigurationList = D6E465D42E03C12B005597F7 /* Build configuration list for PBXProject "RickandMorty" */;
			developmentRegion = en;
			hasScannedForEncodings = 0;
			knownRegions = (
				en,
				Base,
			);
			mainGroup = D6E465D02E03C12B005597F7;
			minimizedProjectReferenceProxies = 1;
			preferredProjectObjectVersion = 77;
			productRefGroup = D6E465DA2E03C12B005597F7 /* Products */;
			projectDirPath = "";
			projectRoot = "";
			targets = (
				D6E465D82E03C12B005597F7 /* RickandMorty */,
				D6E465EE2E03C130005597F7 /* RickandMortyTests */,
				D6E465F82E03C130005597F7 /* RickandMortyUITests */,
			);
		};
/* End PBXProject section */

/* Begin PBXResourcesBuildPhase section */
		D6E465D72E03C12B005597F7 /* Resources */ = {
			isa = PBXResourcesBuildPhase;
			buildActionMask = 2147483647;
			files = (
			);
			runOnlyForDeploymentPostprocessing = 0;
		};
		D6E465ED2E03C130005597F7 /* Resources */ = {
			isa = PBXResourcesBuildPhase;
			buildActionMask = 2147483647;
			files = (
			);
			runOnlyForDeploymentPostprocessing = 0;
		};
		D6E465F72E03C130005597F7 /* Resources */ = {
			isa = PBXResourcesBuildPhase;
			buildActionMask = 2147483647;
			files = (
			);
			runOnlyForDeploymentPostprocessing = 0;
		};
/* End PBXResourcesBuildPhase section */

/* Begin PBXSourcesBuildPhase section */
		D6E465D52E03C12B005597F7 /* Sources */ = {
			isa = PBXSourcesBuildPhase;
			buildActionMask = 2147483647;
			files = (
			);
			runOnlyForDeploymentPostprocessing = 0;
		};
		D6E465EB2E03C130005597F7 /* Sources */ = {
			isa = PBXSourcesBuildPhase;
			buildActionMask = 2147483647;
			files = (
			);
			runOnlyForDeploymentPostprocessing = 0;
		};
		D6E465F52E03C130005597F7 /* Sources */ = {
			isa = PBXSourcesBuildPhase;
			buildActionMask = 2147483647;
			files = (
			);
			runOnlyForDeploymentPostprocessing = 0;
		};
/* End PBXSourcesBuildPhase section */

/* Begin PBXTargetDependency section */
		D6E465F12E03C130005597F7 /* PBXTargetDependency */ = {
			isa = PBXTargetDependency;
			target = D6E465D82E03C12B005597F7 /* RickandMorty */;
			targetProxy = D6E465F02E03C130005597F7 /* PBXContainerItemProxy */;
		};
		D6E465FB2E03C130005597F7 /* PBXTargetDependency */ = {
			isa = PBXTargetDependency;
			target = D6E465D82E03C12B005597F7 /* RickandMorty */;
			targetProxy = D6E465FA2E03C130005597F7 /* PBXContainerItemProxy */;
		};
/* End PBXTargetDependency section */

/* Begin XCBuildConfiguration section */
		D6E466032E03C130005597F7 /* Debug */ = {
			isa = XCBuildConfiguration;
			buildSettings = {
				ASSETCATALOG_COMPILER_APPICON_NAME = AppIcon;
				ASSETCATALOG_COMPILER_GLOBAL_ACCENT_COLOR_NAME = AccentColor;
				CODE_SIGN_STYLE = Automatic;
				CURRENT_PROJECT_VERSION = 1;
				DEVELOPMENT_TEAM = F9AR5K7X83;
				GENERATE_INFOPLIST_FILE = YES;
				INFOPLIST_FILE = RickandMorty/Info.plist;
				INFOPLIST_KEY_UIApplicationSupportsIndirectInputEvents = YES;
				INFOPLIST_KEY_UILaunchStoryboardName = LaunchScreen;
				INFOPLIST_KEY_UIMainStoryboardFile = Main;
				INFOPLIST_KEY_UISupportedInterfaceOrientations_iPad = "UIInterfaceOrientationPortrait UIInterfaceOrientationPortraitUpsideDown UIInterfaceOrientationLandscapeLeft UIInterfaceOrientationLandscapeRight";
				INFOPLIST_KEY_UISupportedInterfaceOrientations_iPhone = "UIInterfaceOrientationPortrait UIInterfaceOrientationLandscapeLeft UIInterfaceOrientationLandscapeRight";
				LD_RUNPATH_SEARCH_PATHS = (
					"$(inherited)",
					"@executable_path/Frameworks",
				);
				MARKETING_VERSION = 1.0;
				PRODUCT_BUNDLE_IDENTIFIER = com.anu.code.RickandMorty;
				PRODUCT_NAME = "$(TARGET_NAME)";
				SWIFT_EMIT_LOC_STRINGS = YES;
				SWIFT_VERSION = 5.0;
				TARGETED_DEVICE_FAMILY = "1,2";
			};
			name = Debug;
		};
		D6E466042E03C130005597F7 /* Release */ = {
			isa = XCBuildConfiguration;
			buildSettings = {
				ASSETCATALOG_COMPILER_APPICON_NAME = AppIcon;
				ASSETCATALOG_COMPILER_GLOBAL_ACCENT_COLOR_NAME = AccentColor;
				CODE_SIGN_STYLE = Automatic;
				CURRENT_PROJECT_VERSION = 1;
				DEVELOPMENT_TEAM = F9AR5K7X83;
				GENERATE_INFOPLIST_FILE = YES;
				INFOPLIST_FILE = RickandMorty/Info.plist;
				INFOPLIST_KEY_UIApplicationSupportsIndirectInputEvents = YES;
				INFOPLIST_KEY_UILaunchStoryboardName = LaunchScreen;
				INFOPLIST_KEY_UIMainStoryboardFile = Main;
				INFOPLIST_KEY_UISupportedInterfaceOrientations_iPad = "UIInterfaceOrientationPortrait UIInterfaceOrientationPortraitUpsideDown UIInterfaceOrientationLandscapeLeft UIInterfaceOrientationLandscapeRight";
				INFOPLIST_KEY_UISupportedInterfaceOrientations_iPhone = "UIInterfaceOrientationPortrait UIInterfaceOrientationLandscapeLeft UIInterfaceOrientationLandscapeRight";
				LD_RUNPATH_SEARCH_PATHS = (
					"$(inherited)",
					"@executable_path/Frameworks",
				);
				MARKETING_VERSION = 1.0;
				PRODUCT_BUNDLE_IDENTIFIER = com.anu.code.RickandMorty;
				PRODUCT_NAME = "$(TARGET_NAME)";
				SWIFT_EMIT_LOC_STRINGS = YES;
				SWIFT_VERSION = 5.0;
				TARGETED_DEVICE_FAMILY = "1,2";
			};
			name = Release;
		};
		D6E466052E03C130005597F7 /* Debug */ = {
			isa = XCBuildConfiguration;
			buildSettings = {
				ALWAYS_SEARCH_USER_PATHS = NO;
				ASSETCATALOG_COMPILER_GENERATE_SWIFT_ASSET_SYMBOL_EXTENSIONS = YES;
				CLANG_ANALYZER_NONNULL = YES;
				CLANG_ANALYZER_NUMBER_OBJECT_CONVERSION = YES_AGGRESSIVE;
				CLANG_CXX_LANGUAGE_STANDARD = "gnu++20";
				CLANG_ENABLE_MODULES = YES;
				CLANG_ENABLE_OBJC_ARC = YES;
				CLANG_ENABLE_OBJC_WEAK = YES;
				CLANG_WARN_BLOCK_CAPTURE_AUTORELEASING = YES;
				CLANG_WARN_BOOL_CONVERSION = YES;
				CLANG_WARN_COMMA = YES;
				CLANG_WARN_CONSTANT_CONVERSION = YES;
				CLANG_WARN_DEPRECATED_OBJC_IMPLEMENTATIONS = YES;
				CLANG_WARN_DIRECT_OBJC_ISA_USAGE = YES_ERROR;
				CLANG_WARN_DOCUMENTATION_COMMENTS = YES;
				CLANG_WARN_EMPTY_BODY = YES;
				CLANG_WARN_ENUM_CONVERSION = YES;
				CLANG_WARN_INFINITE_RECURSION = YES;
				CLANG_WARN_INT_CONVERSION = YES;
				CLANG_WARN_NON_LITERAL_NULL_CONVERSION = YES;
				CLANG_WARN_OBJC_IMPLICIT_RETAIN_SELF = YES;
				CLANG_WARN_OBJC_LITERAL_CONVERSION = YES;
				CLANG_WARN_OBJC_ROOT_CLASS = YES_ERROR;
				CLANG_WARN_QUOTED_INCLUDE_IN_FRAMEWORK_HEADER = YES;
				CLANG_WARN_RANGE_LOOP_ANALYSIS = YES;
				CLANG_WARN_STRICT_PROTOTYPES = YES;
				CLANG_WARN_SUSPICIOUS_MOVE = YES;
				CLANG_WARN_UNGUARDED_AVAILABILITY = YES_AGGRESSIVE;
				CLANG_WARN_UNREACHABLE_CODE = YES;
				CLANG_WARN__DUPLICATE_METHOD_MATCH = YES;
				COPY_PHASE_STRIP = NO;
				DEBUG_INFORMATION_FORMAT = dwarf;
				DEVELOPMENT_TEAM = F9AR5K7X83;
				ENABLE_STRICT_OBJC_MSGSEND = YES;
				ENABLE_TESTABILITY = YES;
				ENABLE_USER_SCRIPT_SANDBOXING = YES;
				GCC_C_LANGUAGE_STANDARD = gnu17;
				GCC_DYNAMIC_NO_PIC = NO;
				GCC_NO_COMMON_BLOCKS = YES;
				GCC_OPTIMIZATION_LEVEL = 0;
				GCC_PREPROCESSOR_DEFINITIONS = (
					"DEBUG=1",
					"$(inherited)",
				);
				GCC_WARN_64_TO_32_BIT_CONVERSION = YES;
				GCC_WARN_ABOUT_RETURN_TYPE = YES_ERROR;
				GCC_WARN_UNDECLARED_SELECTOR = YES;
				GCC_WARN_UNINITIALIZED_AUTOS = YES_AGGRESSIVE;
				GCC_WARN_UNUSED_FUNCTION = YES;
				GCC_WARN_UNUSED_VARIABLE = YES;
				IPHONEOS_DEPLOYMENT_TARGET = 18.5;
				LOCALIZATION_PREFERS_STRING_CATALOGS = YES;
				MTL_ENABLE_DEBUG_INFO = INCLUDE_SOURCE;
				MTL_FAST_MATH = YES;
				ONLY_ACTIVE_ARCH = YES;
				SDKROOT = iphoneos;
				SWIFT_ACTIVE_COMPILATION_CONDITIONS = "DEBUG $(inherited)";
				SWIFT_OPTIMIZATION_LEVEL = "-Onone";
			};
			name = Debug;
		};
		D6E466062E03C130005597F7 /* Release */ = {
			isa = XCBuildConfiguration;
			buildSettings = {
				ALWAYS_SEARCH_USER_PATHS = NO;
				ASSETCATALOG_COMPILER_GENERATE_SWIFT_ASSET_SYMBOL_EXTENSIONS = YES;
				CLANG_ANALYZER_NONNULL = YES;
				CLANG_ANALYZER_NUMBER_OBJECT_CONVERSION = YES_AGGRESSIVE;
				CLANG_CXX_LANGUAGE_STANDARD = "gnu++20";
				CLANG_ENABLE_MODULES = YES;
				CLANG_ENABLE_OBJC_ARC = YES;
				CLANG_ENABLE_OBJC_WEAK = YES;
				CLANG_WARN_BLOCK_CAPTURE_AUTORELEASING = YES;
				CLANG_WARN_BOOL_CONVERSION = YES;
				CLANG_WARN_COMMA = YES;
				CLANG_WARN_CONSTANT_CONVERSION = YES;
				CLANG_WARN_DEPRECATED_OBJC_IMPLEMENTATIONS = YES;
				CLANG_WARN_DIRECT_OBJC_ISA_USAGE = YES_ERROR;
				CLANG_WARN_DOCUMENTATION_COMMENTS = YES;
				CLANG_WARN_EMPTY_BODY = YES;
				CLANG_WARN_ENUM_CONVERSION = YES;
				CLANG_WARN_INFINITE_RECURSION = YES;
				CLANG_WARN_INT_CONVERSION = YES;
				CLANG_WARN_NON_LITERAL_NULL_CONVERSION = YES;
				CLANG_WARN_OBJC_IMPLICIT_RETAIN_SELF = YES;
				CLANG_WARN_OBJC_LITERAL_CONVERSION = YES;
				CLANG_WARN_OBJC_ROOT_CLASS = YES_ERROR;
				CLANG_WARN_QUOTED_INCLUDE_IN_FRAMEWORK_HEADER = YES;
				CLANG_WARN_RANGE_LOOP_ANALYSIS = YES;
				CLANG_WARN_STRICT_PROTOTYPES = YES;
				CLANG_WARN_SUSPICIOUS_MOVE = YES;
				CLANG_WARN_UNGUARDED_AVAILABILITY = YES_AGGRESSIVE;
				CLANG_WARN_UNREACHABLE_CODE = YES;
				CLANG_WARN__DUPLICATE_METHOD_MATCH = YES;
				COPY_PHASE_STRIP = NO;
				DEBUG_INFORMATION_FORMAT = "dwarf-with-dsym";
				DEVELOPMENT_TEAM = F9AR5K7X83;
				ENABLE_NS_ASSERTIONS = NO;
				ENABLE_STRICT_OBJC_MSGSEND = YES;
				ENABLE_USER_SCRIPT_SANDBOXING = YES;
				GCC_C_LANGUAGE_STANDARD = gnu17;
				GCC_NO_COMMON_BLOCKS = YES;
				GCC_WARN_64_TO_32_BIT_CONVERSION = YES;
				GCC_WARN_ABOUT_RETURN_TYPE = YES_ERROR;
				GCC_WARN_UNDECLARED_SELECTOR = YES;
				GCC_WARN_UNINITIALIZED_AUTOS = YES_AGGRESSIVE;
				GCC_WARN_UNUSED_FUNCTION = YES;
				GCC_WARN_UNUSED_VARIABLE = YES;
				IPHONEOS_DEPLOYMENT_TARGET = 18.5;
				LOCALIZATION_PREFERS_STRING_CATALOGS = YES;
				MTL_ENABLE_DEBUG_INFO = NO;
				MTL_FAST_MATH = YES;
				SDKROOT = iphoneos;
				SWIFT_COMPILATION_MODE = wholemodule;
				VALIDATE_PRODUCT = YES;
			};
			name = Release;
		};
		D6E466082E03C130005597F7 /* Debug */ = {
			isa = XCBuildConfiguration;
			buildSettings = {
				BUNDLE_LOADER = "$(TEST_HOST)";
				CODE_SIGN_STYLE = Automatic;
				CURRENT_PROJECT_VERSION = 1;
				DEVELOPMENT_TEAM = F9AR5K7X83;
				GENERATE_INFOPLIST_FILE = YES;
				IPHONEOS_DEPLOYMENT_TARGET = 18.5;
				MARKETING_VERSION = 1.0;
				PRODUCT_BUNDLE_IDENTIFIER = com.anu.code.RickandMortyTests;
				PRODUCT_NAME = "$(TARGET_NAME)";
				SWIFT_EMIT_LOC_STRINGS = NO;
				SWIFT_VERSION = 5.0;
				TARGETED_DEVICE_FAMILY = "1,2";
				TEST_HOST = "$(BUILT_PRODUCTS_DIR)/RickandMorty.app/$(BUNDLE_EXECUTABLE_FOLDER_PATH)/RickandMorty";
			};
			name = Debug;
		};
		D6E466092E03C130005597F7 /* Release */ = {
			isa = XCBuildConfiguration;
			buildSettings = {
				BUNDLE_LOADER = "$(TEST_HOST)";
				CODE_SIGN_STYLE = Automatic;
				CURRENT_PROJECT_VERSION = 1;
				DEVELOPMENT_TEAM = F9AR5K7X83;
				GENERATE_INFOPLIST_FILE = YES;
				IPHONEOS_DEPLOYMENT_TARGET = 18.5;
				MARKETING_VERSION = 1.0;
				PRODUCT_BUNDLE_IDENTIFIER = com.anu.code.RickandMortyTests;
				PRODUCT_NAME = "$(TARGET_NAME)";
				SWIFT_EMIT_LOC_STRINGS = NO;
				SWIFT_VERSION = 5.0;
				TARGETED_DEVICE_FAMILY = "1,2";
				TEST_HOST = "$(BUILT_PRODUCTS_DIR)/RickandMorty.app/$(BUNDLE_EXECUTABLE_FOLDER_PATH)/RickandMorty";
			};
			name = Release;
		};
		D6E4660B2E03C130005597F7 /* Debug */ = {
			isa = XCBuildConfiguration;
			buildSettings = {
				CODE_SIGN_STYLE = Automatic;
				CURRENT_PROJECT_VERSION = 1;
				DEVELOPMENT_TEAM = F9AR5K7X83;
				GENERATE_INFOPLIST_FILE = YES;
				MARKETING_VERSION = 1.0;
				PRODUCT_BUNDLE_IDENTIFIER = com.anu.code.RickandMortyUITests;
				PRODUCT_NAME = "$(TARGET_NAME)";
				SWIFT_EMIT_LOC_STRINGS = NO;
				SWIFT_VERSION = 5.0;
				TARGETED_DEVICE_FAMILY = "1,2";
				TEST_TARGET_NAME = RickandMorty;
			};
			name = Debug;
		};
		D6E4660C2E03C130005597F7 /* Release */ = {
			isa = XCBuildConfiguration;
			buildSettings = {
				CODE_SIGN_STYLE = Automatic;
				CURRENT_PROJECT_VERSION = 1;
				DEVELOPMENT_TEAM = F9AR5K7X83;
				GENERATE_INFOPLIST_FILE = YES;
				MARKETING_VERSION = 1.0;
				PRODUCT_BUNDLE_IDENTIFIER = com.anu.code.RickandMortyUITests;
				PRODUCT_NAME = "$(TARGET_NAME)";
				SWIFT_EMIT_LOC_STRINGS = NO;
				SWIFT_VERSION = 5.0;
				TARGETED_DEVICE_FAMILY = "1,2";
				TEST_TARGET_NAME = RickandMorty;
			};
			name = Release;
		};
/* End XCBuildConfiguration section */

/* Begin XCConfigurationList section */
		D6E465D42E03C12B005597F7 /* Build configuration list for PBXProject "RickandMorty" */ = {
			isa = XCConfigurationList;
			buildConfigurations = (
				D6E466052E03C130005597F7 /* Debug */,
				D6E466062E03C130005597F7 /* Release */,
			);
			defaultConfigurationIsVisible = 0;
			defaultConfigurationName = Release;
		};
		D6E466022E03C130005597F7 /* Build configuration list for PBXNativeTarget "RickandMorty" */ = {
			isa = XCConfigurationList;
			buildConfigurations = (
				D6E466032E03C130005597F7 /* Debug */,
				D6E466042E03C130005597F7 /* Release */,
			);
			defaultConfigurationIsVisible = 0;
			defaultConfigurationName = Release;
		};
		D6E466072E03C130005597F7 /* Build configuration list for PBXNativeTarget "RickandMortyTests" */ = {
			isa = XCConfigurationList;
			buildConfigurations = (
				D6E466082E03C130005597F7 /* Debug */,
				D6E466092E03C130005597F7 /* Release */,
			);
			defaultConfigurationIsVisible = 0;
			defaultConfigurationName = Release;
		};
		D6E4660A2E03C130005597F7 /* Build configuration list for PBXNativeTarget "RickandMortyUITests" */ = {
			isa = XCConfigurationList;
			buildConfigurations = (
				D6E4660B2E03C130005597F7 /* Debug */,
				D6E4660C2E03C130005597F7 /* Release */,
			);
			defaultConfigurationIsVisible = 0;
			defaultConfigurationName = Release;
		};
/* End XCConfigurationList section */
	};
	rootObject = D6E465D12E03C12B005597F7 /* Project object */;
}
